
Microsoft Visual Studio Solution File, Format Version 12.00
# Visual Studio Version 17
VisualStudioVersion = 17.3.32804.467
MinimumVisualStudioVersion = 10.0.40219.1
Project("{FAE04EC0-301F-11D3-BF4B-00C04F79EFBC}") = "Debt Calculation And Repayment System", "Debt Calculation And Repayment System.csproj", "{FAEF99DC-AE26-4704-99B8-12A09A0DADA9}"
EndProject
Global
	GlobalSection(SolutionConfigurationPlatforms) = preSolution
		Debug|Any CPU = Debug|Any CPU
		Release|Any CPU = Release|Any CPU
	EndGlobalSection
	GlobalSection(ProjectConfigurationPlatforms) = postSolution
		{FAEF99DC-AE26-4704-99B8-12A09A0DADA9}.Debug|Any CPU.ActiveCfg = Debug|Any CPU
		{FAEF99DC-AE26-4704-99B8-12A09A0DADA9}.Debug|Any CPU.Build.0 = Debug|Any CPU
		{FAEF99DC-AE26-4704-99B8-12A09A0DADA9}.Release|Any CPU.ActiveCfg = Release|Any CPU
		{FAEF99DC-AE26-4704-99B8-12A09A0DADA9}.Release|Any CPU.Build.0 = Release|Any CPU
	EndGlobalSection
	GlobalSection(SolutionProperties) = preSolution
		HideSolutionNode = FALSE
	EndGlobalSection
	GlobalSection(ExtensibilityGlobals) = postSolution
		SolutionGuid = {32F32DBB-21A6-4714-9568-0FA96C567282}
	EndGlobalSection
EndGlobal
